
Microsoft Visual Studio Solution File, Format Version 12.00
# Visual Studio 15
VisualStudioVersion = 15.0.28307.1684
MinimumVisualStudioVersion = 10.0.40219.1
Project("{FAE04EC0-301F-11D3-BF4B-00C04F79EFBC}") = "Homework13", "Homework13\Homework13.csproj", "{B662066F-85D9-4B80-9212-51389EDF68FA}"
EndProject
Global
	GlobalSection(SolutionConfigurationPlatforms) = preSolution
		Debug|Any CPU = Debug|Any CPU
		Release|Any CPU = Release|Any CPU
	EndGlobalSection
	GlobalSection(ProjectConfigurationPlatforms) = postSolution
		{B662066F-85D9-4B80-9212-51389EDF68FA}.Debug|Any CPU.ActiveCfg = Debug|Any CPU
		{B662066F-85D9-4B80-9212-51389EDF68FA}.Debug|Any CPU.Build.0 = Debug|Any CPU
		{B662066F-85D9-4B80-9212-51389EDF68FA}.Release|Any CPU.ActiveCfg = Release|Any CPU
		{B662066F-85D9-4B80-9212-51389EDF68FA}.Release|Any CPU.Build.0 = Release|Any CPU
	EndGlobalSection
	GlobalSection(SolutionProperties) = preSolution
		HideSolutionNode = FALSE
	EndGlobalSection
	GlobalSection(ExtensibilityGlobals) = postSolution
		SolutionGuid = {E9ABA278-6F1C-4CB1-831F-A60A53CDDAA9}
	EndGlobalSection
EndGlobal
