
Microsoft Visual Studio Solution File, Format Version 12.00
# Visual Studio 15
VisualStudioVersion = 15.0.28307.1684
MinimumVisualStudioVersion = 10.0.40219.1
Project("{FAE04EC0-301F-11D3-BF4B-00C04F79EFBC}") = "Midterm1", "Midterm1\Midterm1.csproj", "{A2DD5B24-D6C9-4C52-8155-CCD2543EE527}"
EndProject
Global
	GlobalSection(SolutionConfigurationPlatforms) = preSolution
		Debug|Any CPU = Debug|Any CPU
		Release|Any CPU = Release|Any CPU
	EndGlobalSection
	GlobalSection(ProjectConfigurationPlatforms) = postSolution
		{A2DD5B24-D6C9-4C52-8155-CCD2543EE527}.Debug|Any CPU.ActiveCfg = Debug|Any CPU
		{A2DD5B24-D6C9-4C52-8155-CCD2543EE527}.Debug|Any CPU.Build.0 = Debug|Any CPU
		{A2DD5B24-D6C9-4C52-8155-CCD2543EE527}.Release|Any CPU.ActiveCfg = Release|Any CPU
		{A2DD5B24-D6C9-4C52-8155-CCD2543EE527}.Release|Any CPU.Build.0 = Release|Any CPU
	EndGlobalSection
	GlobalSection(SolutionProperties) = preSolution
		HideSolutionNode = FALSE
	EndGlobalSection
	GlobalSection(ExtensibilityGlobals) = postSolution
		SolutionGuid = {5F6A70F2-49FA-4AD7-8ED0-F79881BC0B5B}
	EndGlobalSection
EndGlobal
