
Microsoft Visual Studio Solution File, Format Version 12.00
# Visual Studio 15
VisualStudioVersion = 15.0.28307.1684
MinimumVisualStudioVersion = 10.0.40219.1
Project("{FAE04EC0-301F-11D3-BF4B-00C04F79EFBC}") = "Homework6", "Homework6\Homework6.csproj", "{10958868-5849-4EE2-9286-DAD6EC1B1314}"
EndProject
Global
	GlobalSection(SolutionConfigurationPlatforms) = preSolution
		Debug|Any CPU = Debug|Any CPU
		Release|Any CPU = Release|Any CPU
	EndGlobalSection
	GlobalSection(ProjectConfigurationPlatforms) = postSolution
		{10958868-5849-4EE2-9286-DAD6EC1B1314}.Debug|Any CPU.ActiveCfg = Debug|Any CPU
		{10958868-5849-4EE2-9286-DAD6EC1B1314}.Debug|Any CPU.Build.0 = Debug|Any CPU
		{10958868-5849-4EE2-9286-DAD6EC1B1314}.Release|Any CPU.ActiveCfg = Release|Any CPU
		{10958868-5849-4EE2-9286-DAD6EC1B1314}.Release|Any CPU.Build.0 = Release|Any CPU
	EndGlobalSection
	GlobalSection(SolutionProperties) = preSolution
		HideSolutionNode = FALSE
	EndGlobalSection
	GlobalSection(ExtensibilityGlobals) = postSolution
		SolutionGuid = {05D02B4B-66F6-4EAF-BFFC-69C74B0F7636}
	EndGlobalSection
EndGlobal
