
Microsoft Visual Studio Solution File, Format Version 12.00
# Visual Studio 15
VisualStudioVersion = 15.0.28307.1684
MinimumVisualStudioVersion = 10.0.40219.1
Project("{FAE04EC0-301F-11D3-BF4B-00C04F79EFBC}") = "WriteAndRead", "WriteAndRead\WriteAndRead.csproj", "{1ED833E5-BC9D-457F-923A-ACAE18B505DC}"
EndProject
Global
	GlobalSection(SolutionConfigurationPlatforms) = preSolution
		Debug|Any CPU = Debug|Any CPU
		Release|Any CPU = Release|Any CPU
	EndGlobalSection
	GlobalSection(ProjectConfigurationPlatforms) = postSolution
		{1ED833E5-BC9D-457F-923A-ACAE18B505DC}.Debug|Any CPU.ActiveCfg = Debug|Any CPU
		{1ED833E5-BC9D-457F-923A-ACAE18B505DC}.Debug|Any CPU.Build.0 = Debug|Any CPU
		{1ED833E5-BC9D-457F-923A-ACAE18B505DC}.Release|Any CPU.ActiveCfg = Release|Any CPU
		{1ED833E5-BC9D-457F-923A-ACAE18B505DC}.Release|Any CPU.Build.0 = Release|Any CPU
	EndGlobalSection
	GlobalSection(SolutionProperties) = preSolution
		HideSolutionNode = FALSE
	EndGlobalSection
	GlobalSection(ExtensibilityGlobals) = postSolution
		SolutionGuid = {8B628C16-F43B-45DC-B0CB-90B4FB856F9D}
	EndGlobalSection
EndGlobal
